// !$*UTF8*$!
{
	archiveVersion = 1;
	classes = {
	};
	objectVersion = 56;
	objects = {

/* Begin PBXBuildFile section */
		D40AB5A02D34AA6200FFB467 /* ScreenableApp.swift in Sources */ = {isa = PBXBuildFile; fileRef = D40AB59F2D34AA6200FFB467 /* ScreenableApp.swift */; };
		D40AB5A22D34AA6200FFB467 /* ContentView.swift in Sources */ = {isa = PBXBuildFile; fileRef = D40AB5A12D34AA6200FFB467 /* ContentView.swift */; };
		D40AB5A42D34AA6300FFB467 /* Assets.xcassets in Resources */ = {isa = PBXBuildFile; fileRef = D40AB5A32D34AA6300FFB467 /* Assets.xcassets */; };
		D40AB5A72D34AA6300FFB467 /* Preview Assets.xcassets in Resources */ = {isa = PBXBuildFile; fileRef = D40AB5A62D34AA6300FFB467 /* Preview Assets.xcassets */; };
		D40AB5AF2D34AB2900FFB467 /* Fonts.txt in Resources */ = {isa = PBXBuildFile; fileRef = D40AB5AE2D34AB2900FFB467 /* Fonts.txt */; };
		D40AB5B12D34AB4C00FFB467 /* Backgrounds.txt in Resources */ = {isa = PBXBuildFile; fileRef = D40AB5B02D34AB4C00FFB467 /* Backgrounds.txt */; };
		D40AB5B32D34AEB700FFB467 /* Screenable-Document.swift in Sources */ = {isa = PBXBuildFile; fileRef = D40AB5B22D34AEB700FFB467 /* Screenable-Document.swift */; };
		D40AB5B62D34B90800FFB467 /* RenderView.swift in Sources */ = {isa = PBXBuildFile; fileRef = D40AB5B52D34B90800FFB467 /* RenderView.swift */; };
		D40AB5B82D34BE5800FFB467 /* Bundle-StringArray.swift in Sources */ = {isa = PBXBuildFile; fileRef = D40AB5B72D34BE5800FFB467 /* Bundle-StringArray.swift */; };
		D40AB5BA2D34C58700FFB467 /* Color-Codable.swift in Sources */ = {isa = PBXBuildFile; fileRef = D40AB5B92D34C58700FFB467 /* Color-Codable.swift */; };
		D40AB5BC2D34CC3600FFB467 /* AppCommands.swift in Sources */ = {isa = PBXBuildFile; fileRef = D40AB5BB2D34CC3600FFB467 /* AppCommands.swift */; };
/* End PBXBuildFile section */

/* Begin PBXFileReference section */
		D40AB59C2D34AA6200FFB467 /* Screenable.app */ = {isa = PBXFileReference; explicitFileType = wrapper.application; includeInIndex = 0; path = Screenable.app; sourceTree = BUILT_PRODUCTS_DIR; };
		D40AB59F2D34AA6200FFB467 /* ScreenableApp.swift */ = {isa = PBXFileReference; lastKnownFileType = sourcecode.swift; path = ScreenableApp.swift; sourceTree = "<group>"; };
		D40AB5A12D34AA6200FFB467 /* ContentView.swift */ = {isa = PBXFileReference; lastKnownFileType = sourcecode.swift; path = ContentView.swift; sourceTree = "<group>"; };
		D40AB5A32D34AA6300FFB467 /* Assets.xcassets */ = {isa = PBXFileReference; lastKnownFileType = folder.assetcatalog; path = Assets.xcassets; sourceTree = "<group>"; };
		D40AB5A62D34AA6300FFB467 /* Preview Assets.xcassets */ = {isa = PBXFileReference; lastKnownFileType = folder.assetcatalog; path = "Preview Assets.xcassets"; sourceTree = "<group>"; };
		D40AB5A82D34AA6300FFB467 /* Screenable.entitlements */ = {isa = PBXFileReference; lastKnownFileType = text.plist.entitlements; path = Screenable.entitlements; sourceTree = "<group>"; };
		D40AB5AE2D34AB2900FFB467 /* Fonts.txt */ = {isa = PBXFileReference; fileEncoding = 4; lastKnownFileType = text; path = Fonts.txt; sourceTree = "<group>"; };
		D40AB5B02D34AB4C00FFB467 /* Backgrounds.txt */ = {isa = PBXFileReference; fileEncoding = 4; lastKnownFileType = text; path = Backgrounds.txt; sourceTree = "<group>"; };
		D40AB5B22D34AEB700FFB467 /* Screenable-Document.swift */ = {isa = PBXFileReference; lastKnownFileType = sourcecode.swift; path = "Screenable-Document.swift"; sourceTree = "<group>"; };
		D40AB5B42D34B24300FFB467 /* Info.plist */ = {isa = PBXFileReference; lastKnownFileType = text.plist; path = Info.plist; sourceTree = "<group>"; };
		D40AB5B52D34B90800FFB467 /* RenderView.swift */ = {isa = PBXFileReference; lastKnownFileType = sourcecode.swift; path = RenderView.swift; sourceTree = "<group>"; };
		D40AB5B72D34BE5800FFB467 /* Bundle-StringArray.swift */ = {isa = PBXFileReference; lastKnownFileType = sourcecode.swift; path = "Bundle-StringArray.swift"; sourceTree = "<group>"; };
		D40AB5B92D34C58700FFB467 /* Color-Codable.swift */ = {isa = PBXFileReference; lastKnownFileType = sourcecode.swift; path = "Color-Codable.swift"; sourceTree = "<group>"; };
		D40AB5BB2D34CC3600FFB467 /* AppCommands.swift */ = {isa = PBXFileReference; lastKnownFileType = sourcecode.swift; path = AppCommands.swift; sourceTree = "<group>"; };
/* End PBXFileReference section */

/* Begin PBXFrameworksBuildPhase section */
		D40AB5992D34AA6200FFB467 /* Frameworks */ = {
			isa = PBXFrameworksBuildPhase;
			buildActionMask = 2147483647;
			files = (
			);
			runOnlyForDeploymentPostprocessing = 0;
		};
/* End PBXFrameworksBuildPhase section */

/* Begin PBXGroup section */
		D40AB5932D34AA6200FFB467 = {
			isa = PBXGroup;
			children = (
				D40AB59E2D34AA6200FFB467 /* Screenable */,
				D40AB59D2D34AA6200FFB467 /* Products */,
			);
			sourceTree = "<group>";
		};
		D40AB59D2D34AA6200FFB467 /* Products */ = {
			isa = PBXGroup;
			children = (
				D40AB59C2D34AA6200FFB467 /* Screenable.app */,
			);
			name = Products;
			sourceTree = "<group>";
		};
		D40AB59E2D34AA6200FFB467 /* Screenable */ = {
			isa = PBXGroup;
			children = (
				D40AB5B42D34B24300FFB467 /* Info.plist */,
				D40AB59F2D34AA6200FFB467 /* ScreenableApp.swift */,
				D40AB5B52D34B90800FFB467 /* RenderView.swift */,
				D40AB5A12D34AA6200FFB467 /* ContentView.swift */,
				D40AB5BB2D34CC3600FFB467 /* AppCommands.swift */,
				D40AB5B72D34BE5800FFB467 /* Bundle-StringArray.swift */,
				D40AB5B22D34AEB700FFB467 /* Screenable-Document.swift */,
				D40AB5B92D34C58700FFB467 /* Color-Codable.swift */,
				D40AB5A32D34AA6300FFB467 /* Assets.xcassets */,
				D40AB5A82D34AA6300FFB467 /* Screenable.entitlements */,
				D40AB5AE2D34AB2900FFB467 /* Fonts.txt */,
				D40AB5B02D34AB4C00FFB467 /* Backgrounds.txt */,
				D40AB5A52D34AA6300FFB467 /* Preview Content */,
			);
			path = Screenable;
			sourceTree = "<group>";
		};
		D40AB5A52D34AA6300FFB467 /* Preview Content */ = {
			isa = PBXGroup;
			children = (
				D40AB5A62D34AA6300FFB467 /* Preview Assets.xcassets */,
			);
			path = "Preview Content";
			sourceTree = "<group>";
		};
/* End PBXGroup section */

/* Begin PBXNativeTarget section */
		D40AB59B2D34AA6200FFB467 /* Screenable */ = {
			isa = PBXNativeTarget;
			buildConfigurationList = D40AB5AB2D34AA6300FFB467 /* Build configuration list for PBXNativeTarget "Screenable" */;
			buildPhases = (
				D40AB5982D34AA6200FFB467 /* Sources */,
				D40AB5992D34AA6200FFB467 /* Frameworks */,
				D40AB59A2D34AA6200FFB467 /* Resources */,
			);
			buildRules = (
			);
			dependencies = (
			);
			name = Screenable;
			productName = Screenable;
			productReference = D40AB59C2D34AA6200FFB467 /* Screenable.app */;
			productType = "com.apple.product-type.application";
		};
/* End PBXNativeTarget section */

/* Begin PBXProject section */
		D40AB5942D34AA6200FFB467 /* Project object */ = {
			isa = PBXProject;
			attributes = {
				BuildIndependentTargetsInParallel = 1;
				LastSwiftUpdateCheck = 1520;
				LastUpgradeCheck = 1520;
				TargetAttributes = {
					D40AB59B2D34AA6200FFB467 = {
						CreatedOnToolsVersion = 15.2;
					};
				};
			};
			buildConfigurationList = D40AB5972D34AA6200FFB467 /* Build configuration list for PBXProject "Screenable" */;
			compatibilityVersion = "Xcode 14.0";
			developmentRegion = en;
			hasScannedForEncodings = 0;
			knownRegions = (
				en,
				Base,
			);
			mainGroup = D40AB5932D34AA6200FFB467;
			productRefGroup = D40AB59D2D34AA6200FFB467 /* Products */;
			projectDirPath = "";
			projectRoot = "";
			targets = (
				D40AB59B2D34AA6200FFB467 /* Screenable */,
			);
		};
/* End PBXProject section */

/* Begin PBXResourcesBuildPhase section */
		D40AB59A2D34AA6200FFB467 /* Resources */ = {
			isa = PBXResourcesBuildPhase;
			buildActionMask = 2147483647;
			files = (
				D40AB5B12D34AB4C00FFB467 /* Backgrounds.txt in Resources */,
				D40AB5A72D34AA6300FFB467 /* Preview Assets.xcassets in Resources */,
				D40AB5AF2D34AB2900FFB467 /* Fonts.txt in Resources */,
				D40AB5A42D34AA6300FFB467 /* Assets.xcassets in Resources */,
			);
			runOnlyForDeploymentPostprocessing = 0;
		};
/* End PBXResourcesBuildPhase section */

/* Begin PBXSourcesBuildPhase section */
		D40AB5982D34AA6200FFB467 /* Sources */ = {
			isa = PBXSourcesBuildPhase;
			buildActionMask = 2147483647;
			files = (
				D40AB5B32D34AEB700FFB467 /* Screenable-Document.swift in Sources */,
				D40AB5BC2D34CC3600FFB467 /* AppCommands.swift in Sources */,
				D40AB5B82D34BE5800FFB467 /* Bundle-StringArray.swift in Sources */,
				D40AB5BA2D34C58700FFB467 /* Color-Codable.swift in Sources */,
				D40AB5A22D34AA6200FFB467 /* ContentView.swift in Sources */,
				D40AB5B62D34B90800FFB467 /* RenderView.swift in Sources */,
				D40AB5A02D34AA6200FFB467 /* ScreenableApp.swift in Sources */,
			);
			runOnlyForDeploymentPostprocessing = 0;
		};
/* End PBXSourcesBuildPhase section */

/* Begin XCBuildConfiguration section */
		D40AB5A92D34AA6300FFB467 /* Debug */ = {
			isa = XCBuildConfiguration;
			buildSettings = {
				ALWAYS_SEARCH_USER_PATHS = NO;
				ASSETCATALOG_COMPILER_GENERATE_SWIFT_ASSET_SYMBOL_EXTENSIONS = YES;
				CLANG_ANALYZER_NONNULL = YES;
				CLANG_ANALYZER_NUMBER_OBJECT_CONVERSION = YES_AGGRESSIVE;
				CLANG_CXX_LANGUAGE_STANDARD = "gnu++20";
				CLANG_ENABLE_MODULES = YES;
				CLANG_ENABLE_OBJC_ARC = YES;
				CLANG_ENABLE_OBJC_WEAK = YES;
				CLANG_WARN_BLOCK_CAPTURE_AUTORELEASING = YES;
				CLANG_WARN_BOOL_CONVERSION = YES;
				CLANG_WARN_COMMA = YES;
				CLANG_WARN_CONSTANT_CONVERSION = YES;
				CLANG_WARN_DEPRECATED_OBJC_IMPLEMENTATIONS = YES;
				CLANG_WARN_DIRECT_OBJC_ISA_USAGE = YES_ERROR;
				CLANG_WARN_DOCUMENTATION_COMMENTS = YES;
				CLANG_WARN_EMPTY_BODY = YES;
				CLANG_WARN_ENUM_CONVERSION = YES;
				CLANG_WARN_INFINITE_RECURSION = YES;
				CLANG_WARN_INT_CONVERSION = YES;
				CLANG_WARN_NON_LITERAL_NULL_CONVERSION = YES;
				CLANG_WARN_OBJC_IMPLICIT_RETAIN_SELF = YES;
				CLANG_WARN_OBJC_LITERAL_CONVERSION = YES;
				CLANG_WARN_OBJC_ROOT_CLASS = YES_ERROR;
				CLANG_WARN_QUOTED_INCLUDE_IN_FRAMEWORK_HEADER = YES;
				CLANG_WARN_RANGE_LOOP_ANALYSIS = YES;
				CLANG_WARN_STRICT_PROTOTYPES = YES;
				CLANG_WARN_SUSPICIOUS_MOVE = YES;
				CLANG_WARN_UNGUARDED_AVAILABILITY = YES_AGGRESSIVE;
				CLANG_WARN_UNREACHABLE_CODE = YES;
				CLANG_WARN__DUPLICATE_METHOD_MATCH = YES;
				COPY_PHASE_STRIP = NO;
				DEBUG_INFORMATION_FORMAT = dwarf;
				ENABLE_STRICT_OBJC_MSGSEND = YES;
				ENABLE_TESTABILITY = YES;
				ENABLE_USER_SCRIPT_SANDBOXING = YES;
				GCC_C_LANGUAGE_STANDARD = gnu17;
				GCC_DYNAMIC_NO_PIC = NO;
				GCC_NO_COMMON_BLOCKS = YES;
				GCC_OPTIMIZATION_LEVEL = 0;
				GCC_PREPROCESSOR_DEFINITIONS = (
					"DEBUG=1",
					"$(inherited)",
				);
				GCC_WARN_64_TO_32_BIT_CONVERSION = YES;
				GCC_WARN_ABOUT_RETURN_TYPE = YES_ERROR;
				GCC_WARN_UNDECLARED_SELECTOR = YES;
				GCC_WARN_UNINITIALIZED_AUTOS = YES_AGGRESSIVE;
				GCC_WARN_UNUSED_FUNCTION = YES;
				GCC_WARN_UNUSED_VARIABLE = YES;
				LOCALIZATION_PREFERS_STRING_CATALOGS = YES;
				MACOSX_DEPLOYMENT_TARGET = 14.2;
				MTL_ENABLE_DEBUG_INFO = INCLUDE_SOURCE;
				MTL_FAST_MATH = YES;
				ONLY_ACTIVE_ARCH = YES;
				SDKROOT = macosx;
				SWIFT_ACTIVE_COMPILATION_CONDITIONS = "DEBUG $(inherited)";
				SWIFT_OPTIMIZATION_LEVEL = "-Onone";
			};
			name = Debug;
		};
		D40AB5AA2D34AA6300FFB467 /* Release */ = {
			isa = XCBuildConfiguration;
			buildSettings = {
				ALWAYS_SEARCH_USER_PATHS = NO;
				ASSETCATALOG_COMPILER_GENERATE_SWIFT_ASSET_SYMBOL_EXTENSIONS = YES;
				CLANG_ANALYZER_NONNULL = YES;
				CLANG_ANALYZER_NUMBER_OBJECT_CONVERSION = YES_AGGRESSIVE;
				CLANG_CXX_LANGUAGE_STANDARD = "gnu++20";
				CLANG_ENABLE_MODULES = YES;
				CLANG_ENABLE_OBJC_ARC = YES;
				CLANG_ENABLE_OBJC_WEAK = YES;
				CLANG_WARN_BLOCK_CAPTURE_AUTORELEASING = YES;
				CLANG_WARN_BOOL_CONVERSION = YES;
				CLANG_WARN_COMMA = YES;
				CLANG_WARN_CONSTANT_CONVERSION = YES;
				CLANG_WARN_DEPRECATED_OBJC_IMPLEMENTATIONS = YES;
				CLANG_WARN_DIRECT_OBJC_ISA_USAGE = YES_ERROR;
				CLANG_WARN_DOCUMENTATION_COMMENTS = YES;
				CLANG_WARN_EMPTY_BODY = YES;
				CLANG_WARN_ENUM_CONVERSION = YES;
				CLANG_WARN_INFINITE_RECURSION = YES;
				CLANG_WARN_INT_CONVERSION = YES;
				CLANG_WARN_NON_LITERAL_NULL_CONVERSION = YES;
				CLANG_WARN_OBJC_IMPLICIT_RETAIN_SELF = YES;
				CLANG_WARN_OBJC_LITERAL_CONVERSION = YES;
				CLANG_WARN_OBJC_ROOT_CLASS = YES_ERROR;
				CLANG_WARN_QUOTED_INCLUDE_IN_FRAMEWORK_HEADER = YES;
				CLANG_WARN_RANGE_LOOP_ANALYSIS = YES;
				CLANG_WARN_STRICT_PROTOTYPES = YES;
				CLANG_WARN_SUSPICIOUS_MOVE = YES;
				CLANG_WARN_UNGUARDED_AVAILABILITY = YES_AGGRESSIVE;
				CLANG_WARN_UNREACHABLE_CODE = YES;
				CLANG_WARN__DUPLICATE_METHOD_MATCH = YES;
				COPY_PHASE_STRIP = NO;
				DEBUG_INFORMATION_FORMAT = "dwarf-with-dsym";
				ENABLE_NS_ASSERTIONS = NO;
				ENABLE_STRICT_OBJC_MSGSEND = YES;
				ENABLE_USER_SCRIPT_SANDBOXING = YES;
				GCC_C_LANGUAGE_STANDARD = gnu17;
				GCC_NO_COMMON_BLOCKS = YES;
				GCC_WARN_64_TO_32_BIT_CONVERSION = YES;
				GCC_WARN_ABOUT_RETURN_TYPE = YES_ERROR;
				GCC_WARN_UNDECLARED_SELECTOR = YES;
				GCC_WARN_UNINITIALIZED_AUTOS = YES_AGGRESSIVE;
				GCC_WARN_UNUSED_FUNCTION = YES;
				GCC_WARN_UNUSED_VARIABLE = YES;
				LOCALIZATION_PREFERS_STRING_CATALOGS = YES;
				MACOSX_DEPLOYMENT_TARGET = 14.2;
				MTL_ENABLE_DEBUG_INFO = NO;
				MTL_FAST_MATH = YES;
				SDKROOT = macosx;
				SWIFT_COMPILATION_MODE = wholemodule;
			};
			name = Release;
		};
		D40AB5AC2D34AA6300FFB467 /* Debug */ = {
			isa = XCBuildConfiguration;
			buildSettings = {
				ASSETCATALOG_COMPILER_APPICON_NAME = AppIcon;
				ASSETCATALOG_COMPILER_GLOBAL_ACCENT_COLOR_NAME = AccentColor;
				CODE_SIGN_ENTITLEMENTS = Screenable/Screenable.entitlements;
				"CODE_SIGN_IDENTITY[sdk=macosx*]" = "-";
				CODE_SIGN_STYLE = Automatic;
				COMBINE_HIDPI_IMAGES = YES;
				CURRENT_PROJECT_VERSION = 1;
				DEVELOPMENT_ASSET_PATHS = "\"Screenable/Preview Content\"";
				DEVELOPMENT_TEAM = "";
				ENABLE_PREVIEWS = YES;
				GENERATE_INFOPLIST_FILE = YES;
				INFOPLIST_FILE = Screenable/Info.plist;
				INFOPLIST_KEY_NSHumanReadableCopyright = "";
				LD_RUNPATH_SEARCH_PATHS = (
					"$(inherited)",
					"@executable_path/../Frameworks",
				);
				MARKETING_VERSION = 1.0;
				PRODUCT_BUNDLE_IDENTIFIER = MaxDionyss.Screenable;
				PRODUCT_NAME = "$(TARGET_NAME)";
				SWIFT_EMIT_LOC_STRINGS = YES;
				SWIFT_VERSION = 5.0;
			};
			name = Debug;
		};
		D40AB5AD2D34AA6300FFB467 /* Release */ = {
			isa = XCBuildConfiguration;
			buildSettings = {
				ASSETCATALOG_COMPILER_APPICON_NAME = AppIcon;
				ASSETCATALOG_COMPILER_GLOBAL_ACCENT_COLOR_NAME = AccentColor;
				CODE_SIGN_ENTITLEMENTS = Screenable/Screenable.entitlements;
				"CODE_SIGN_IDENTITY[sdk=macosx*]" = "-";
				CODE_SIGN_STYLE = Automatic;
				COMBINE_HIDPI_IMAGES = YES;
				CURRENT_PROJECT_VERSION = 1;
				DEVELOPMENT_ASSET_PATHS = "\"Screenable/Preview Content\"";
				DEVELOPMENT_TEAM = "";
				ENABLE_PREVIEWS = YES;
				GENERATE_INFOPLIST_FILE = YES;
				INFOPLIST_FILE = Screenable/Info.plist;
				INFOPLIST_KEY_NSHumanReadableCopyright = "";
				LD_RUNPATH_SEARCH_PATHS = (
					"$(inherited)",
					"@executable_path/../Frameworks",
				);
				MARKETING_VERSION = 1.0;
				PRODUCT_BUNDLE_IDENTIFIER = MaxDionyss.Screenable;
				PRODUCT_NAME = "$(TARGET_NAME)";
				SWIFT_EMIT_LOC_STRINGS = YES;
				SWIFT_VERSION = 5.0;
			};
			name = Release;
		};
/* End XCBuildConfiguration section */

/* Begin XCConfigurationList section */
		D40AB5972D34AA6200FFB467 /* Build configuration list for PBXProject "Screenable" */ = {
			isa = XCConfigurationList;
			buildConfigurations = (
				D40AB5A92D34AA6300FFB467 /* Debug */,
				D40AB5AA2D34AA6300FFB467 /* Release */,
			);
			defaultConfigurationIsVisible = 0;
			defaultConfigurationName = Release;
		};
		D40AB5AB2D34AA6300FFB467 /* Build configuration list for PBXNativeTarget "Screenable" */ = {
			isa = XCConfigurationList;
			buildConfigurations = (
				D40AB5AC2D34AA6300FFB467 /* Debug */,
				D40AB5AD2D34AA6300FFB467 /* Release */,
			);
			defaultConfigurationIsVisible = 0;
			defaultConfigurationName = Release;
		};
/* End XCConfigurationList section */
	};
	rootObject = D40AB5942D34AA6200FFB467 /* Project object */;
}
